
Microsoft Visual Studio Solution File, Format Version 12.00
# Visual Studio Version 17
VisualStudioVersion = 17.11.35312.102
MinimumVisualStudioVersion = 10.0.40219.1
Project("{FAE04EC0-301F-11D3-BF4B-00C04F79EFBC}") = "vetoresMultidimensionais", "vetoresMultidimensionais.csproj", "{7575BC13-CBDA-4818-9AF2-09FF9208F3AF}"
EndProject
Global
	GlobalSection(SolutionConfigurationPlatforms) = preSolution
		Debug|Any CPU = Debug|Any CPU
		Release|Any CPU = Release|Any CPU
	EndGlobalSection
	GlobalSection(ProjectConfigurationPlatforms) = postSolution
		{7575BC13-CBDA-4818-9AF2-09FF9208F3AF}.Debug|Any CPU.ActiveCfg = Debug|Any CPU
		{7575BC13-CBDA-4818-9AF2-09FF9208F3AF}.Debug|Any CPU.Build.0 = Debug|Any CPU
		{7575BC13-CBDA-4818-9AF2-09FF9208F3AF}.Release|Any CPU.ActiveCfg = Release|Any CPU
		{7575BC13-CBDA-4818-9AF2-09FF9208F3AF}.Release|Any CPU.Build.0 = Release|Any CPU
	EndGlobalSection
	GlobalSection(SolutionProperties) = preSolution
		HideSolutionNode = FALSE
	EndGlobalSection
	GlobalSection(ExtensibilityGlobals) = postSolution
		SolutionGuid = {ADEC8F79-37A4-473D-9AA6-C7A6AE695CED}
	EndGlobalSection
EndGlobal
